# THIS IS AN AUTOGENERATED FILE. DO NOT EDIT THIS FILE DIRECTLY.
# yarn lockfile v1


create-next-app@^13.0.0:
  version "13.0.0"
  resolved "https://registry.yarnpkg.com/create-next-app/-/create-next-app-13.0.0.tgz#64067b889a0e53bc9998f553bf949330893a9a3f"
  integrity sha512-9YrKoisDW2fIm2QOo43UfvakazFEhz8gOYr/dlSnIPtVB9O66ABH+CXWwFmGcaqTa54PBh6HtOFImsD1tT8lew==
